
Microsoft Visual Studio Solution File, Format Version 12.00
# Visual Studio Version 16
VisualStudioVersion = 16.0.30114.105
MinimumVisualStudioVersion = 10.0.40219.1
Project("{8BC9CEB8-8B4A-11D0-8D11-00A0C91BC942}") = "Lab_07", "Lab_07\Lab_07.vcxproj", "{26A07EC0-E455-4468-B57F-24602BA55CEC}"
EndProject
Global
	GlobalSection(SolutionConfigurationPlatforms) = preSolution
		Debug|x64 = Debug|x64
		Debug|x86 = Debug|x86
		Release|x64 = Release|x64
		Release|x86 = Release|x86
	EndGlobalSection
	GlobalSection(ProjectConfigurationPlatforms) = postSolution
		{26A07EC0-E455-4468-B57F-24602BA55CEC}.Debug|x64.ActiveCfg = Debug|x64
		{26A07EC0-E455-4468-B57F-24602BA55CEC}.Debug|x64.Build.0 = Debug|x64
		{26A07EC0-E455-4468-B57F-24602BA55CEC}.Debug|x86.ActiveCfg = Debug|Win32
		{26A07EC0-E455-4468-B57F-24602BA55CEC}.Debug|x86.Build.0 = Debug|Win32
		{26A07EC0-E455-4468-B57F-24602BA55CEC}.Release|x64.ActiveCfg = Release|x64
		{26A07EC0-E455-4468-B57F-24602BA55CEC}.Release|x64.Build.0 = Release|x64
		{26A07EC0-E455-4468-B57F-24602BA55CEC}.Release|x86.ActiveCfg = Release|Win32
		{26A07EC0-E455-4468-B57F-24602BA55CEC}.Release|x86.Build.0 = Release|Win32
	EndGlobalSection
	GlobalSection(SolutionProperties) = preSolution
		HideSolutionNode = FALSE
	EndGlobalSection
	GlobalSection(ExtensibilityGlobals) = postSolution
		SolutionGuid = {DDF0D8DF-F22F-4F36-A99F-E1FB3F586F0C}
	EndGlobalSection
EndGlobal
